
Microsoft Visual Studio Solution File, Format Version 12.00
# Visual Studio 15
VisualStudioVersion = 15.0.28307.106
MinimumVisualStudioVersion = 10.0.40219.1
Project("{FAE04EC0-301F-11D3-BF4B-00C04F79EFBC}") = "Voter", "Voter\Voter.csproj", "{713628A5-B5C8-4786-918E-280235F78456}"
EndProject
Project("{FAE04EC0-301F-11D3-BF4B-00C04F79EFBC}") = "Voter.ViewModels", "Voter.ViewModels\Voter.ViewModels.csproj", "{79A4471B-8ABD-4945-8225-77769F894C7A}"
EndProject
Global
	GlobalSection(SolutionConfigurationPlatforms) = preSolution
		Debug|Any CPU = Debug|Any CPU
		Release|Any CPU = Release|Any CPU
	EndGlobalSection
	GlobalSection(ProjectConfigurationPlatforms) = postSolution
		{713628A5-B5C8-4786-918E-280235F78456}.Debug|Any CPU.ActiveCfg = Debug|Any CPU
		{713628A5-B5C8-4786-918E-280235F78456}.Debug|Any CPU.Build.0 = Debug|Any CPU
		{713628A5-B5C8-4786-918E-280235F78456}.Release|Any CPU.ActiveCfg = Release|Any CPU
		{713628A5-B5C8-4786-918E-280235F78456}.Release|Any CPU.Build.0 = Release|Any CPU
		{79A4471B-8ABD-4945-8225-77769F894C7A}.Debug|Any CPU.ActiveCfg = Debug|Any CPU
		{79A4471B-8ABD-4945-8225-77769F894C7A}.Debug|Any CPU.Build.0 = Debug|Any CPU
		{79A4471B-8ABD-4945-8225-77769F894C7A}.Release|Any CPU.ActiveCfg = Release|Any CPU
		{79A4471B-8ABD-4945-8225-77769F894C7A}.Release|Any CPU.Build.0 = Release|Any CPU
	EndGlobalSection
	GlobalSection(SolutionProperties) = preSolution
		HideSolutionNode = FALSE
	EndGlobalSection
	GlobalSection(ExtensibilityGlobals) = postSolution
		SolutionGuid = {58E2BACB-FF90-4984-85F1-9A0026FA1E52}
	EndGlobalSection
EndGlobal
